
Microsoft Visual Studio Solution File, Format Version 12.00
# Visual Studio Version 17
VisualStudioVersion = 17.7.34003.232
MinimumVisualStudioVersion = 10.0.40219.1
Project("{8BC9CEB8-8B4A-11D0-8D11-00A0C91BC942}") = "Tutorial03-A Bounce Game", "Tutorial03-A\Tutorial03-A.vcxproj", "{40318262-6D2B-48AF-BE9E-38E5E395E621}"
EndProject
Project("{8BC9CEB8-8B4A-11D0-8D11-00A0C91BC942}") = "Tutorial03-B", "Tutorial03-B\Tutorial03-B.vcxproj", "{7E7F5FAA-77D6-4130-B2CE-F72110C6AC7A}"
EndProject
Global
	GlobalSection(SolutionConfigurationPlatforms) = preSolution
		Debug|Any CPU = Debug|Any CPU
		Debug|x64 = Debug|x64
		Debug|x86 = Debug|x86
		Release|Any CPU = Release|Any CPU
		Release|x64 = Release|x64
		Release|x86 = Release|x86
	EndGlobalSection
	GlobalSection(ProjectConfigurationPlatforms) = postSolution
		{40318262-6D2B-48AF-BE9E-38E5E395E621}.Debug|Any CPU.ActiveCfg = Debug|x64
		{40318262-6D2B-48AF-BE9E-38E5E395E621}.Debug|Any CPU.Build.0 = Debug|x64
		{40318262-6D2B-48AF-BE9E-38E5E395E621}.Debug|x64.ActiveCfg = Debug|x64
		{40318262-6D2B-48AF-BE9E-38E5E395E621}.Debug|x64.Build.0 = Debug|x64
		{40318262-6D2B-48AF-BE9E-38E5E395E621}.Debug|x86.ActiveCfg = Debug|Win32
		{40318262-6D2B-48AF-BE9E-38E5E395E621}.Debug|x86.Build.0 = Debug|Win32
		{40318262-6D2B-48AF-BE9E-38E5E395E621}.Release|Any CPU.ActiveCfg = Release|x64
		{40318262-6D2B-48AF-BE9E-38E5E395E621}.Release|Any CPU.Build.0 = Release|x64
		{40318262-6D2B-48AF-BE9E-38E5E395E621}.Release|x64.ActiveCfg = Release|x64
		{40318262-6D2B-48AF-BE9E-38E5E395E621}.Release|x64.Build.0 = Release|x64
		{40318262-6D2B-48AF-BE9E-38E5E395E621}.Release|x86.ActiveCfg = Release|Win32
		{40318262-6D2B-48AF-BE9E-38E5E395E621}.Release|x86.Build.0 = Release|Win32
		{7E7F5FAA-77D6-4130-B2CE-F72110C6AC7A}.Debug|Any CPU.ActiveCfg = Debug|x64
		{7E7F5FAA-77D6-4130-B2CE-F72110C6AC7A}.Debug|Any CPU.Build.0 = Debug|x64
		{7E7F5FAA-77D6-4130-B2CE-F72110C6AC7A}.Debug|x64.ActiveCfg = Debug|x64
		{7E7F5FAA-77D6-4130-B2CE-F72110C6AC7A}.Debug|x64.Build.0 = Debug|x64
		{7E7F5FAA-77D6-4130-B2CE-F72110C6AC7A}.Debug|x86.ActiveCfg = Debug|Win32
		{7E7F5FAA-77D6-4130-B2CE-F72110C6AC7A}.Debug|x86.Build.0 = Debug|Win32
		{7E7F5FAA-77D6-4130-B2CE-F72110C6AC7A}.Release|Any CPU.ActiveCfg = Release|x64
		{7E7F5FAA-77D6-4130-B2CE-F72110C6AC7A}.Release|Any CPU.Build.0 = Release|x64
		{7E7F5FAA-77D6-4130-B2CE-F72110C6AC7A}.Release|x64.ActiveCfg = Release|x64
		{7E7F5FAA-77D6-4130-B2CE-F72110C6AC7A}.Release|x64.Build.0 = Release|x64
		{7E7F5FAA-77D6-4130-B2CE-F72110C6AC7A}.Release|x86.ActiveCfg = Release|Win32
		{7E7F5FAA-77D6-4130-B2CE-F72110C6AC7A}.Release|x86.Build.0 = Release|Win32
	EndGlobalSection
	GlobalSection(SolutionProperties) = preSolution
		HideSolutionNode = FALSE
	EndGlobalSection
	GlobalSection(ExtensibilityGlobals) = postSolution
		SolutionGuid = {EC977E87-B1E8-46E3-AF5C-41E76789461E}
	EndGlobalSection
EndGlobal
